
Microsoft Visual Studio Solution File, Format Version 12.00
# Visual Studio Version 17
VisualStudioVersion = 17.1.32414.318
MinimumVisualStudioVersion = 10.0.40219.1
Project("{9A19103F-16F7-4668-BE54-9A1E7A4F7556}") = "EmployeeService", "EmployeeService\EmployeeService.csproj", "{29954ADE-BA4C-4B46-8FFD-6C7D16FF87A4}"
EndProject
Project("{9A19103F-16F7-4668-BE54-9A1E7A4F7556}") = "EmployeeService.Database.Data", "EmployeeService.Database.Data\EmployeeService.Database.Data.csproj", "{34143EF7-EF4D-4CCD-B065-FB7FD1232C60}"
EndProject
Project("{9A19103F-16F7-4668-BE54-9A1E7A4F7556}") = "JwtSample", "JwtSample\JwtSample.csproj", "{10DB5F4E-E4B6-492D-9884-518F1E52BD06}"
EndProject
Project("{9A19103F-16F7-4668-BE54-9A1E7A4F7556}") = "EmployeeTypeClient", "EmployeeTypeClient\EmployeeTypeClient.csproj", "{84AECA30-A469-4F28-A27E-B4768ADD6E2F}"
EndProject
Project("{FAE04EC0-301F-11D3-BF4B-00C04F79EFBC}") = "EmployeeServiceTests", "EmployeeServiceTests\EmployeeServiceTests.csproj", "{C1099188-2F3F-4CF6-8837-6BB8FBA62D24}"
EndProject
Global
	GlobalSection(SolutionConfigurationPlatforms) = preSolution
		Debug|Any CPU = Debug|Any CPU
		Release|Any CPU = Release|Any CPU
	EndGlobalSection
	GlobalSection(ProjectConfigurationPlatforms) = postSolution
		{29954ADE-BA4C-4B46-8FFD-6C7D16FF87A4}.Debug|Any CPU.ActiveCfg = Debug|Any CPU
		{29954ADE-BA4C-4B46-8FFD-6C7D16FF87A4}.Debug|Any CPU.Build.0 = Debug|Any CPU
		{29954ADE-BA4C-4B46-8FFD-6C7D16FF87A4}.Release|Any CPU.ActiveCfg = Release|Any CPU
		{29954ADE-BA4C-4B46-8FFD-6C7D16FF87A4}.Release|Any CPU.Build.0 = Release|Any CPU
		{34143EF7-EF4D-4CCD-B065-FB7FD1232C60}.Debug|Any CPU.ActiveCfg = Debug|Any CPU
		{34143EF7-EF4D-4CCD-B065-FB7FD1232C60}.Debug|Any CPU.Build.0 = Debug|Any CPU
		{34143EF7-EF4D-4CCD-B065-FB7FD1232C60}.Release|Any CPU.ActiveCfg = Release|Any CPU
		{34143EF7-EF4D-4CCD-B065-FB7FD1232C60}.Release|Any CPU.Build.0 = Release|Any CPU
		{10DB5F4E-E4B6-492D-9884-518F1E52BD06}.Debug|Any CPU.ActiveCfg = Debug|Any CPU
		{10DB5F4E-E4B6-492D-9884-518F1E52BD06}.Debug|Any CPU.Build.0 = Debug|Any CPU
		{10DB5F4E-E4B6-492D-9884-518F1E52BD06}.Release|Any CPU.ActiveCfg = Release|Any CPU
		{10DB5F4E-E4B6-492D-9884-518F1E52BD06}.Release|Any CPU.Build.0 = Release|Any CPU
		{84AECA30-A469-4F28-A27E-B4768ADD6E2F}.Debug|Any CPU.ActiveCfg = Debug|Any CPU
		{84AECA30-A469-4F28-A27E-B4768ADD6E2F}.Debug|Any CPU.Build.0 = Debug|Any CPU
		{84AECA30-A469-4F28-A27E-B4768ADD6E2F}.Release|Any CPU.ActiveCfg = Release|Any CPU
		{84AECA30-A469-4F28-A27E-B4768ADD6E2F}.Release|Any CPU.Build.0 = Release|Any CPU
		{C1099188-2F3F-4CF6-8837-6BB8FBA62D24}.Debug|Any CPU.ActiveCfg = Debug|Any CPU
		{C1099188-2F3F-4CF6-8837-6BB8FBA62D24}.Debug|Any CPU.Build.0 = Debug|Any CPU
		{C1099188-2F3F-4CF6-8837-6BB8FBA62D24}.Release|Any CPU.ActiveCfg = Release|Any CPU
		{C1099188-2F3F-4CF6-8837-6BB8FBA62D24}.Release|Any CPU.Build.0 = Release|Any CPU
	EndGlobalSection
	GlobalSection(SolutionProperties) = preSolution
		HideSolutionNode = FALSE
	EndGlobalSection
	GlobalSection(ExtensibilityGlobals) = postSolution
		SolutionGuid = {36A3E258-17F1-41BD-B4F7-DE9FB761BF2F}
	EndGlobalSection
EndGlobal
